// !$*UTF8*$!
{
	archiveVersion = 1;
	classes = {
	};
	objectVersion = 56;
	objects = {

/* Begin PBXBuildFile section */
		B50964552B6A85A00084050C /* TempView.swift in Sources */ = {isa = PBXBuildFile; fileRef = B50964542B6A85A00084050C /* TempView.swift */; };
		B50964592B6AA2770084050C /* ViewExtension.swift in Sources */ = {isa = PBXBuildFile; fileRef = B50964582B6AA2770084050C /* ViewExtension.swift */; };
		B512AC612B36F93100E9A09A /* BlurBehindWindow.swift in Sources */ = {isa = PBXBuildFile; fileRef = B512AC602B36F93100E9A09A /* BlurBehindWindow.swift */; };
		B551A4802B45EB5C00B9E928 /* Localizable.strings in Resources */ = {isa = PBXBuildFile; fileRef = B551A4822B45EB5C00B9E928 /* Localizable.strings */; };
		B551A4862B46C9F500B9E928 /* Localizable.strings in Resources */ = {isa = PBXBuildFile; fileRef = B551A4882B46C9F500B9E928 /* Localizable.strings */; };
		B551A48B2B46CA4C00B9E928 /* Localizable.strings in Resources */ = {isa = PBXBuildFile; fileRef = B551A48D2B46CA4C00B9E928 /* Localizable.strings */; };
		B551A4932B46CD2000B9E928 /* Localizable.strings in Resources */ = {isa = PBXBuildFile; fileRef = B551A4952B46CD2000B9E928 /* Localizable.strings */; };
		B58FCE772B5AE1FB00B5226F /* CursorHandler.swift in Sources */ = {isa = PBXBuildFile; fileRef = B58FCE762B5AE1FB00B5226F /* CursorHandler.swift */; };
		B5A5C8AE2B6BD2DF008F03D5 /* StudentInfoView.swift in Sources */ = {isa = PBXBuildFile; fileRef = B5A5C8AD2B6BD2DF008F03D5 /* StudentInfoView.swift */; };
		B5A5C8B22B6BD30A008F03D5 /* PressedDeleteButtonStyle.swift in Sources */ = {isa = PBXBuildFile; fileRef = B5A5C8B12B6BD30A008F03D5 /* PressedDeleteButtonStyle.swift */; };
		B5A5C8B42B6BD331008F03D5 /* PressedInfoButtonStyle.swift in Sources */ = {isa = PBXBuildFile; fileRef = B5A5C8B32B6BD331008F03D5 /* PressedInfoButtonStyle.swift */; };
		B5A5C8B62B6BD33B008F03D5 /* PressedEditButtonStyle.swift in Sources */ = {isa = PBXBuildFile; fileRef = B5A5C8B52B6BD33B008F03D5 /* PressedEditButtonStyle.swift */; };
		B5A5C8B82B6BD8AC008F03D5 /* StudentCardViewModel.swift in Sources */ = {isa = PBXBuildFile; fileRef = B5A5C8B72B6BD8AC008F03D5 /* StudentCardViewModel.swift */; };
		B5A6F37D2B52CAE30044DFF8 /* TestView.swift in Sources */ = {isa = PBXBuildFile; fileRef = B5A6F37C2B52CAE30044DFF8 /* TestView.swift */; };
		B5A6F37F2B52CD8E0044DFF8 /* ReadWriteModel.swift in Sources */ = {isa = PBXBuildFile; fileRef = B5A6F37E2B52CD8E0044DFF8 /* ReadWriteModel.swift */; };
		B5B55EA52B30C442002E0F4D /* AppDelegate.swift in Sources */ = {isa = PBXBuildFile; fileRef = B5B55EA42B30C442002E0F4D /* AppDelegate.swift */; };
		B5B55EA92B30C444002E0F4D /* Assets.xcassets in Resources */ = {isa = PBXBuildFile; fileRef = B5B55EA82B30C444002E0F4D /* Assets.xcassets */; };
		B5B55EB42B30C4AF002E0F4D /* main.swift in Sources */ = {isa = PBXBuildFile; fileRef = B5B55EB32B30C4AF002E0F4D /* main.swift */; };
		B5B55EC32B30CAB4002E0F4D /* FirebaseAuth in Frameworks */ = {isa = PBXBuildFile; productRef = B5B55EC22B30CAB4002E0F4D /* FirebaseAuth */; };
		B5B55EC62B30CB19002E0F4D /* FirebaseDatabase in Frameworks */ = {isa = PBXBuildFile; productRef = B5B55EC52B30CB19002E0F4D /* FirebaseDatabase */; };
		B5B55EC82B30CB21002E0F4D /* FirebaseFirestore in Frameworks */ = {isa = PBXBuildFile; productRef = B5B55EC72B30CB21002E0F4D /* FirebaseFirestore */; };
		B5B55ECA2B30CB2E002E0F4D /* FirebaseStorage in Frameworks */ = {isa = PBXBuildFile; productRef = B5B55EC92B30CB2E002E0F4D /* FirebaseStorage */; };
		B5B55ECC2B30CBE9002E0F4D /* GoogleService-Info.plist in Resources */ = {isa = PBXBuildFile; fileRef = B5B55ECB2B30CBE9002E0F4D /* GoogleService-Info.plist */; };
		B5B55ED62B30CE57002E0F4D /* WindowController.swift in Sources */ = {isa = PBXBuildFile; fileRef = B5B55ED52B30CE57002E0F4D /* WindowController.swift */; };
		B5B55EDE2B30CE9F002E0F4D /* MainMenuView.swift in Sources */ = {isa = PBXBuildFile; fileRef = B5B55EDC2B30CE9F002E0F4D /* MainMenuView.swift */; };
		B5B55EDF2B30CE9F002E0F4D /* LoginView.swift in Sources */ = {isa = PBXBuildFile; fileRef = B5B55EDD2B30CE9F002E0F4D /* LoginView.swift */; };
		B5B55EE22B30CEB3002E0F4D /* LoginModel.swift in Sources */ = {isa = PBXBuildFile; fileRef = B5B55EE12B30CEB3002E0F4D /* LoginModel.swift */; };
		B5B55EE72B30CEC0002E0F4D /* PopOverView.swift in Sources */ = {isa = PBXBuildFile; fileRef = B5B55EE52B30CEC0002E0F4D /* PopOverView.swift */; };
		B5B55EED2B30CECF002E0F4D /* StartView.swift in Sources */ = {isa = PBXBuildFile; fileRef = B5B55EE92B30CECF002E0F4D /* StartView.swift */; };
		B5B55EEE2B30CECF002E0F4D /* ButtonViewModel.swift in Sources */ = {isa = PBXBuildFile; fileRef = B5B55EEA2B30CECF002E0F4D /* ButtonViewModel.swift */; };
		B5CC2B102B6E51D3001E86BD /* StudentListView.swift in Sources */ = {isa = PBXBuildFile; fileRef = B5CC2B0F2B6E51D3001E86BD /* StudentListView.swift */; };
		B5CC2B132B6EA13F001E86BD /* DateExtension.swift in Sources */ = {isa = PBXBuildFile; fileRef = B5CC2B122B6EA13F001E86BD /* DateExtension.swift */; };
		B5CC2B152B6FBF0B001E86BD /* AddStudentView.swift in Sources */ = {isa = PBXBuildFile; fileRef = B5CC2B142B6FBF0B001E86BD /* AddStudentView.swift */; };
		B5CC2B192B6FF9F1001E86BD /* SuccessSaveView.swift in Sources */ = {isa = PBXBuildFile; fileRef = B5CC2B182B6FF9F1001E86BD /* SuccessSaveView.swift */; };
		B5CC2B1B2B6FFF0D001E86BD /* ErrorSaveView.swift in Sources */ = {isa = PBXBuildFile; fileRef = B5CC2B1A2B6FFF0D001E86BD /* ErrorSaveView.swift */; };
		B5CC2B1D2B71343B001E86BD /* Formatter.swift in Sources */ = {isa = PBXBuildFile; fileRef = B5CC2B1C2B71343B001E86BD /* Formatter.swift */; };
		B5CC2B202B7136E9001E86BD /* EditStudentView.swift in Sources */ = {isa = PBXBuildFile; fileRef = B5CC2B1F2B7136E9001E86BD /* EditStudentView.swift */; };
		B5CC2B242B713729001E86BD /* RowStudentView.swift in Sources */ = {isa = PBXBuildFile; fileRef = B5CC2B232B713729001E86BD /* RowStudentView.swift */; };
		B5CC2B262B714534001E86BD /* AppKitFunc.swift in Sources */ = {isa = PBXBuildFile; fileRef = B5CC2B252B714534001E86BD /* AppKitFunc.swift */; };
		B5D9AF632B66FF6000077CCD /* RowInfoViewModel.swift in Sources */ = {isa = PBXBuildFile; fileRef = B5B55EEC2B30CECF002E0F4D /* RowInfoViewModel.swift */; };
		B5D9AF642B66FF6300077CCD /* LoadingScreen.swift in Sources */ = {isa = PBXBuildFile; fileRef = B5B55EE42B30CEC0002E0F4D /* LoadingScreen.swift */; };
		B5D9AF652B66FF6500077CCD /* DataObjectModel.swift in Sources */ = {isa = PBXBuildFile; fileRef = B5060CD82B63F6A600316802 /* DataObjectModel.swift */; };
		B5E956D42B67F79900C00529 /* EventMonitorController.swift in Sources */ = {isa = PBXBuildFile; fileRef = B5E956D32B67F79900C00529 /* EventMonitorController.swift */; };
		B5EEF3322B48459800B8C73D /* AboutAppView.swift in Sources */ = {isa = PBXBuildFile; fileRef = B5EEF3312B48459800B8C73D /* AboutAppView.swift */; };
		B5EEF3342B4845C800B8C73D /* RespectView.swift in Sources */ = {isa = PBXBuildFile; fileRef = B5EEF3332B4845C800B8C73D /* RespectView.swift */; };
		B5EEF3362B48462500B8C73D /* SettingView.swift in Sources */ = {isa = PBXBuildFile; fileRef = B5EEF3352B48462500B8C73D /* SettingView.swift */; };
		B5EEF33A2B4D609800B8C73D /* Localizable.strings in Resources */ = {isa = PBXBuildFile; fileRef = B5EEF33C2B4D609800B8C73D /* Localizable.strings */; };
		B5F3412F2B4D956300AC5751 /* AcceptChangeLanguageView.swift in Sources */ = {isa = PBXBuildFile; fileRef = B5F3412E2B4D956300AC5751 /* AcceptChangeLanguageView.swift */; };
/* End PBXBuildFile section */

/* Begin PBXFileReference section */
		B5060CD82B63F6A600316802 /* DataObjectModel.swift */ = {isa = PBXFileReference; lastKnownFileType = sourcecode.swift; path = DataObjectModel.swift; sourceTree = "<group>"; };
		B50964542B6A85A00084050C /* TempView.swift */ = {isa = PBXFileReference; lastKnownFileType = sourcecode.swift; path = TempView.swift; sourceTree = "<group>"; };
		B50964582B6AA2770084050C /* ViewExtension.swift */ = {isa = PBXFileReference; lastKnownFileType = sourcecode.swift; path = ViewExtension.swift; sourceTree = "<group>"; };
		B512AC602B36F93100E9A09A /* BlurBehindWindow.swift */ = {isa = PBXFileReference; lastKnownFileType = sourcecode.swift; path = BlurBehindWindow.swift; sourceTree = "<group>"; };
		B551A4832B45EB5E00B9E928 /* de */ = {isa = PBXFileReference; lastKnownFileType = text.plist.strings; name = de; path = de.lproj/Localizable.strings; sourceTree = "<group>"; };
		B551A4872B46C9F500B9E928 /* fr */ = {isa = PBXFileReference; lastKnownFileType = text.plist.strings; name = fr; path = fr.lproj/Localizable.strings; sourceTree = "<group>"; };
		B551A48C2B46CA4C00B9E928 /* es */ = {isa = PBXFileReference; lastKnownFileType = text.plist.strings; name = es; path = es.lproj/Localizable.strings; sourceTree = "<group>"; };
		B551A4942B46CD2000B9E928 /* en */ = {isa = PBXFileReference; lastKnownFileType = text.plist.strings; name = en; path = en.lproj/Localizable.strings; sourceTree = "<group>"; };
		B58FCE762B5AE1FB00B5226F /* CursorHandler.swift */ = {isa = PBXFileReference; lastKnownFileType = sourcecode.swift; path = CursorHandler.swift; sourceTree = "<group>"; };
		B5A5C8AD2B6BD2DF008F03D5 /* StudentInfoView.swift */ = {isa = PBXFileReference; lastKnownFileType = sourcecode.swift; path = StudentInfoView.swift; sourceTree = "<group>"; };
		B5A5C8B12B6BD30A008F03D5 /* PressedDeleteButtonStyle.swift */ = {isa = PBXFileReference; lastKnownFileType = sourcecode.swift; path = PressedDeleteButtonStyle.swift; sourceTree = "<group>"; };
		B5A5C8B32B6BD331008F03D5 /* PressedInfoButtonStyle.swift */ = {isa = PBXFileReference; lastKnownFileType = sourcecode.swift; path = PressedInfoButtonStyle.swift; sourceTree = "<group>"; };
		B5A5C8B52B6BD33B008F03D5 /* PressedEditButtonStyle.swift */ = {isa = PBXFileReference; lastKnownFileType = sourcecode.swift; path = PressedEditButtonStyle.swift; sourceTree = "<group>"; };
		B5A5C8B72B6BD8AC008F03D5 /* StudentCardViewModel.swift */ = {isa = PBXFileReference; lastKnownFileType = sourcecode.swift; path = StudentCardViewModel.swift; sourceTree = "<group>"; };
		B5A6F37C2B52CAE30044DFF8 /* TestView.swift */ = {isa = PBXFileReference; lastKnownFileType = sourcecode.swift; name = TestView.swift; path = Gradify/UI/View/TestView.swift; sourceTree = SOURCE_ROOT; };
		B5A6F37E2B52CD8E0044DFF8 /* ReadWriteModel.swift */ = {isa = PBXFileReference; lastKnownFileType = sourcecode.swift; path = ReadWriteModel.swift; sourceTree = "<group>"; };
		B5B55EA12B30C442002E0F4D /* Gradify.app */ = {isa = PBXFileReference; explicitFileType = wrapper.application; includeInIndex = 0; path = Gradify.app; sourceTree = BUILT_PRODUCTS_DIR; };
		B5B55EA42B30C442002E0F4D /* AppDelegate.swift */ = {isa = PBXFileReference; lastKnownFileType = sourcecode.swift; path = AppDelegate.swift; sourceTree = "<group>"; };
		B5B55EA82B30C444002E0F4D /* Assets.xcassets */ = {isa = PBXFileReference; lastKnownFileType = folder.assetcatalog; path = Assets.xcassets; sourceTree = "<group>"; };
		B5B55EAD2B30C444002E0F4D /* Gradify.entitlements */ = {isa = PBXFileReference; lastKnownFileType = text.plist.entitlements; path = Gradify.entitlements; sourceTree = "<group>"; };
		B5B55EB32B30C4AF002E0F4D /* main.swift */ = {isa = PBXFileReference; lastKnownFileType = sourcecode.swift; path = main.swift; sourceTree = "<group>"; };
		B5B55EB52B30C55B002E0F4D /* Info.plist */ = {isa = PBXFileReference; lastKnownFileType = text.plist; path = Info.plist; sourceTree = "<group>"; };
		B5B55EC42B30CAF5002E0F4D /* GradifyRelease.entitlements */ = {isa = PBXFileReference; lastKnownFileType = text.plist.entitlements; path = GradifyRelease.entitlements; sourceTree = "<group>"; };
		B5B55ECB2B30CBE9002E0F4D /* GoogleService-Info.plist */ = {isa = PBXFileReference; fileEncoding = 4; lastKnownFileType = text.plist.xml; path = "GoogleService-Info.plist"; sourceTree = "<group>"; };
		B5B55ECE2B30CDA2002E0F4D /* Assets.xcassets */ = {isa = PBXFileReference; lastKnownFileType = folder.assetcatalog; path = Assets.xcassets; sourceTree = "<group>"; };
		B5B55ED52B30CE57002E0F4D /* WindowController.swift */ = {isa = PBXFileReference; fileEncoding = 4; lastKnownFileType = sourcecode.swift; path = WindowController.swift; sourceTree = "<group>"; };
		B5B55EDC2B30CE9F002E0F4D /* MainMenuView.swift */ = {isa = PBXFileReference; fileEncoding = 4; lastKnownFileType = sourcecode.swift; path = MainMenuView.swift; sourceTree = "<group>"; };
		B5B55EDD2B30CE9F002E0F4D /* LoginView.swift */ = {isa = PBXFileReference; fileEncoding = 4; lastKnownFileType = sourcecode.swift; path = LoginView.swift; sourceTree = "<group>"; };
		B5B55EE12B30CEB3002E0F4D /* LoginModel.swift */ = {isa = PBXFileReference; fileEncoding = 4; lastKnownFileType = sourcecode.swift; path = LoginModel.swift; sourceTree = "<group>"; };
		B5B55EE42B30CEC0002E0F4D /* LoadingScreen.swift */ = {isa = PBXFileReference; fileEncoding = 4; lastKnownFileType = sourcecode.swift; path = LoadingScreen.swift; sourceTree = "<group>"; };
		B5B55EE52B30CEC0002E0F4D /* PopOverView.swift */ = {isa = PBXFileReference; fileEncoding = 4; lastKnownFileType = sourcecode.swift; path = PopOverView.swift; sourceTree = "<group>"; };
		B5B55EE92B30CECF002E0F4D /* StartView.swift */ = {isa = PBXFileReference; fileEncoding = 4; lastKnownFileType = sourcecode.swift; path = StartView.swift; sourceTree = "<group>"; };
		B5B55EEA2B30CECF002E0F4D /* ButtonViewModel.swift */ = {isa = PBXFileReference; fileEncoding = 4; lastKnownFileType = sourcecode.swift; path = ButtonViewModel.swift; sourceTree = "<group>"; };
		B5B55EEC2B30CECF002E0F4D /* RowInfoViewModel.swift */ = {isa = PBXFileReference; fileEncoding = 4; lastKnownFileType = sourcecode.swift; path = RowInfoViewModel.swift; sourceTree = "<group>"; };
		B5CC2B0F2B6E51D3001E86BD /* StudentListView.swift */ = {isa = PBXFileReference; lastKnownFileType = sourcecode.swift; path = StudentListView.swift; sourceTree = "<group>"; };
		B5CC2B122B6EA13F001E86BD /* DateExtension.swift */ = {isa = PBXFileReference; lastKnownFileType = sourcecode.swift; path = DateExtension.swift; sourceTree = "<group>"; };
		B5CC2B142B6FBF0B001E86BD /* AddStudentView.swift */ = {isa = PBXFileReference; lastKnownFileType = sourcecode.swift; path = AddStudentView.swift; sourceTree = "<group>"; };
		B5CC2B182B6FF9F1001E86BD /* SuccessSaveView.swift */ = {isa = PBXFileReference; lastKnownFileType = sourcecode.swift; path = SuccessSaveView.swift; sourceTree = "<group>"; };
		B5CC2B1A2B6FFF0D001E86BD /* ErrorSaveView.swift */ = {isa = PBXFileReference; lastKnownFileType = sourcecode.swift; path = ErrorSaveView.swift; sourceTree = "<group>"; };
		B5CC2B1C2B71343B001E86BD /* Formatter.swift */ = {isa = PBXFileReference; lastKnownFileType = sourcecode.swift; path = Formatter.swift; sourceTree = "<group>"; };
		B5CC2B1F2B7136E9001E86BD /* EditStudentView.swift */ = {isa = PBXFileReference; lastKnownFileType = sourcecode.swift; path = EditStudentView.swift; sourceTree = "<group>"; };
		B5CC2B232B713729001E86BD /* RowStudentView.swift */ = {isa = PBXFileReference; lastKnownFileType = sourcecode.swift; path = RowStudentView.swift; sourceTree = "<group>"; };
		B5CC2B252B714534001E86BD /* AppKitFunc.swift */ = {isa = PBXFileReference; lastKnownFileType = sourcecode.swift; path = AppKitFunc.swift; sourceTree = "<group>"; };
		B5E956D32B67F79900C00529 /* EventMonitorController.swift */ = {isa = PBXFileReference; lastKnownFileType = sourcecode.swift; name = EventMonitorController.swift; path = Gradify/Controller/EventMonitorController.swift; sourceTree = SOURCE_ROOT; };
		B5EEF3312B48459800B8C73D /* AboutAppView.swift */ = {isa = PBXFileReference; lastKnownFileType = sourcecode.swift; path = AboutAppView.swift; sourceTree = "<group>"; };
		B5EEF3332B4845C800B8C73D /* RespectView.swift */ = {isa = PBXFileReference; lastKnownFileType = sourcecode.swift; path = RespectView.swift; sourceTree = "<group>"; };
		B5EEF3352B48462500B8C73D /* SettingView.swift */ = {isa = PBXFileReference; lastKnownFileType = sourcecode.swift; path = SettingView.swift; sourceTree = "<group>"; };
		B5EEF33B2B4D609800B8C73D /* uk */ = {isa = PBXFileReference; lastKnownFileType = text.plist.strings; name = uk; path = uk.lproj/Localizable.strings; sourceTree = "<group>"; };
		B5F3412E2B4D956300AC5751 /* AcceptChangeLanguageView.swift */ = {isa = PBXFileReference; lastKnownFileType = sourcecode.swift; path = AcceptChangeLanguageView.swift; sourceTree = "<group>"; };
/* End PBXFileReference section */

/* Begin PBXFrameworksBuildPhase section */
		B5B55E9E2B30C442002E0F4D /* Frameworks */ = {
			isa = PBXFrameworksBuildPhase;
			buildActionMask = 2147483647;
			files = (
				B5B55EC62B30CB19002E0F4D /* FirebaseDatabase in Frameworks */,
				B5B55ECA2B30CB2E002E0F4D /* FirebaseStorage in Frameworks */,
				B5B55EC32B30CAB4002E0F4D /* FirebaseAuth in Frameworks */,
				B5B55EC82B30CB21002E0F4D /* FirebaseFirestore in Frameworks */,
			);
			runOnlyForDeploymentPostprocessing = 0;
		};
/* End PBXFrameworksBuildPhase section */

/* Begin PBXGroup section */
		B50964562B6AA23A0084050C /* Extensions */ = {
			isa = PBXGroup;
			children = (
				B50964582B6AA2770084050C /* ViewExtension.swift */,
				B5CC2B122B6EA13F001E86BD /* DateExtension.swift */,
			);
			path = Extensions;
			sourceTree = "<group>";
		};
		B512AC5F2B36F90100E9A09A /* VisualEffects */ = {
			isa = PBXGroup;
			children = (
				B512AC602B36F93100E9A09A /* BlurBehindWindow.swift */,
			);
			path = VisualEffects;
			sourceTree = "<group>";
		};
		B512AC642B3ACE1600E9A09A /* ViewModel */ = {
			isa = PBXGroup;
			children = (
				B5CC2B0E2B6E51B5001E86BD /* Student */,
				B5B55EEC2B30CECF002E0F4D /* RowInfoViewModel.swift */,
				B5B55EEA2B30CECF002E0F4D /* ButtonViewModel.swift */,
			);
			path = ViewModel;
			sourceTree = "<group>";
		};
		B512AC652B3ACF2E00E9A09A /* Delegate */ = {
			isa = PBXGroup;
			children = (
				B5B55EA42B30C442002E0F4D /* AppDelegate.swift */,
			);
			path = Delegate;
			sourceTree = "<group>";
		};
		B551A47A2B45E9A300B9E928 /* Localization */ = {
			isa = PBXGroup;
			children = (
				B5EEF3372B4D608500B8C73D /* Ukranian */,
				B551A4992B46CD7100B9E928 /* Spanish */,
				B551A4982B46CD5100B9E928 /* French */,
				B551A4972B46CD4600B9E928 /* German */,
				B551A4962B46CD3F00B9E928 /* English */,
			);
			path = Localization;
			sourceTree = "<group>";
		};
		B551A4962B46CD3F00B9E928 /* English */ = {
			isa = PBXGroup;
			children = (
				B551A4952B46CD2000B9E928 /* Localizable.strings */,
			);
			path = English;
			sourceTree = "<group>";
		};
		B551A4972B46CD4600B9E928 /* German */ = {
			isa = PBXGroup;
			children = (
				B551A4822B45EB5C00B9E928 /* Localizable.strings */,
			);
			path = German;
			sourceTree = "<group>";
		};
		B551A4982B46CD5100B9E928 /* French */ = {
			isa = PBXGroup;
			children = (
				B551A4882B46C9F500B9E928 /* Localizable.strings */,
			);
			path = French;
			sourceTree = "<group>";
		};
		B551A4992B46CD7100B9E928 /* Spanish */ = {
			isa = PBXGroup;
			children = (
				B551A48D2B46CA4C00B9E928 /* Localizable.strings */,
			);
			path = Spanish;
			sourceTree = "<group>";
		};
		B58FCE782B5AE27E00B5226F /* Utilities */ = {
			isa = PBXGroup;
			children = (
				B58FCE762B5AE1FB00B5226F /* CursorHandler.swift */,
				B5CC2B1C2B71343B001E86BD /* Formatter.swift */,
				B5CC2B252B714534001E86BD /* AppKitFunc.swift */,
			);
			path = Utilities;
			sourceTree = "<group>";
		};
		B5A5C8AC2B6BD2CC008F03D5 /* Information */ = {
			isa = PBXGroup;
			children = (
				B5A5C8AD2B6BD2DF008F03D5 /* StudentInfoView.swift */,
			);
			path = Information;
			sourceTree = "<group>";
		};
		B5A5C8AF2B6BD2F4008F03D5 /* Style */ = {
			isa = PBXGroup;
			children = (
				B5A5C8B02B6BD2F8008F03D5 /* Button */,
			);
			path = Style;
			sourceTree = "<group>";
		};
		B5A5C8B02B6BD2F8008F03D5 /* Button */ = {
			isa = PBXGroup;
			children = (
				B5A5C8B12B6BD30A008F03D5 /* PressedDeleteButtonStyle.swift */,
				B5A5C8B52B6BD33B008F03D5 /* PressedEditButtonStyle.swift */,
				B5A5C8B32B6BD331008F03D5 /* PressedInfoButtonStyle.swift */,
			);
			path = Button;
			sourceTree = "<group>";
		};
		B5AACA4C2B484439008D209F /* UI */ = {
			isa = PBXGroup;
			children = (
				B5A5C8AF2B6BD2F4008F03D5 /* Style */,
				B58FCE782B5AE27E00B5226F /* Utilities */,
				B512AC5F2B36F90100E9A09A /* VisualEffects */,
				B512AC642B3ACE1600E9A09A /* ViewModel */,
				B5AACA4D2B48446B008D209F /* Model */,
				B5B55EDA2B30CE8E002E0F4D /* View */,
			);
			path = UI;
			sourceTree = "<group>";
		};
		B5AACA4D2B48446B008D209F /* Model */ = {
			isa = PBXGroup;
			children = (
				B5B55EE12B30CEB3002E0F4D /* LoginModel.swift */,
				B5A6F37E2B52CD8E0044DFF8 /* ReadWriteModel.swift */,
				B5060CD82B63F6A600316802 /* DataObjectModel.swift */,
			);
			path = Model;
			sourceTree = "<group>";
		};
		B5B55E982B30C442002E0F4D = {
			isa = PBXGroup;
			children = (
				B5B55EA32B30C442002E0F4D /* Gradify */,
				B5B55EA22B30C442002E0F4D /* Products */,
				B5B55EC12B30CAB4002E0F4D /* Frameworks */,
			);
			sourceTree = "<group>";
		};
		B5B55EA22B30C442002E0F4D /* Products */ = {
			isa = PBXGroup;
			children = (
				B5B55EA12B30C442002E0F4D /* Gradify.app */,
			);
			name = Products;
			sourceTree = "<group>";
		};
		B5B55EA32B30C442002E0F4D /* Gradify */ = {
			isa = PBXGroup;
			children = (
				B5B55EC42B30CAF5002E0F4D /* GradifyRelease.entitlements */,
				B5B55ECE2B30CDA2002E0F4D /* Assets.xcassets */,
				B5B55EB32B30C4AF002E0F4D /* main.swift */,
				B5B55ED72B30CE65002E0F4D /* Controller */,
				B5AACA4C2B484439008D209F /* UI */,
				B512AC652B3ACF2E00E9A09A /* Delegate */,
				B551A47A2B45E9A300B9E928 /* Localization */,
				B5B55EB52B30C55B002E0F4D /* Info.plist */,
				B5B55ECB2B30CBE9002E0F4D /* GoogleService-Info.plist */,
				B5B55EA82B30C444002E0F4D /* Assets.xcassets */,
				B5B55EAD2B30C444002E0F4D /* Gradify.entitlements */,
			);
			path = Gradify;
			sourceTree = "<group>";
		};
		B5B55EC12B30CAB4002E0F4D /* Frameworks */ = {
			isa = PBXGroup;
			children = (
			);
			name = Frameworks;
			sourceTree = "<group>";
		};
		B5B55ED72B30CE65002E0F4D /* Controller */ = {
			isa = PBXGroup;
			children = (
				B5E956D32B67F79900C00529 /* EventMonitorController.swift */,
				B5B55ED52B30CE57002E0F4D /* WindowController.swift */,
			);
			path = Controller;
			sourceTree = "<group>";
		};
		B5B55EDA2B30CE8E002E0F4D /* View */ = {
			isa = PBXGroup;
			children = (
				B5CC2B172B6FC4CD001E86BD /* MenuBar */,
				B5CC2B212B713700001E86BD /* ViewRow */,
				B5CC2B1E2B7136CB001E86BD /* EditRow */,
				B5CC2B162B6FBF10001E86BD /* AddRow */,
				B5CC2B112B6E53FB001E86BD /* List's */,
				B5A5C8AC2B6BD2CC008F03D5 /* Information */,
				B50964562B6AA23A0084050C /* Extensions */,
				B5A6F37C2B52CAE30044DFF8 /* TestView.swift */,
				B50964542B6A85A00084050C /* TempView.swift */,
				B5B55EE32B30CEBB002E0F4D /* PopUp */,
				B5B55EDB2B30CE99002E0F4D /* Main */,
			);
			path = View;
			sourceTree = "<group>";
		};
		B5B55EDB2B30CE99002E0F4D /* Main */ = {
			isa = PBXGroup;
			children = (
				B5B55EDD2B30CE9F002E0F4D /* LoginView.swift */,
				B5B55EE92B30CECF002E0F4D /* StartView.swift */,
				B5B55EDC2B30CE9F002E0F4D /* MainMenuView.swift */,
				B5EEF3352B48462500B8C73D /* SettingView.swift */,
			);
			path = Main;
			sourceTree = "<group>";
		};
		B5B55EE32B30CEBB002E0F4D /* PopUp */ = {
			isa = PBXGroup;
			children = (
				B5EEF3332B4845C800B8C73D /* RespectView.swift */,
				B5B55EE42B30CEC0002E0F4D /* LoadingScreen.swift */,
				B5B55EE52B30CEC0002E0F4D /* PopOverView.swift */,
				B5F3412E2B4D956300AC5751 /* AcceptChangeLanguageView.swift */,
				B5CC2B182B6FF9F1001E86BD /* SuccessSaveView.swift */,
				B5CC2B1A2B6FFF0D001E86BD /* ErrorSaveView.swift */,
			);
			path = PopUp;
			sourceTree = "<group>";
		};
		B5CC2B0E2B6E51B5001E86BD /* Student */ = {
			isa = PBXGroup;
			children = (
				B5A5C8B72B6BD8AC008F03D5 /* StudentCardViewModel.swift */,
			);
			path = Student;
			sourceTree = "<group>";
		};
		B5CC2B112B6E53FB001E86BD /* List's */ = {
			isa = PBXGroup;
			children = (
				B5CC2B0F2B6E51D3001E86BD /* StudentListView.swift */,
			);
			path = "List's";
			sourceTree = "<group>";
		};
		B5CC2B162B6FBF10001E86BD /* AddRow */ = {
			isa = PBXGroup;
			children = (
				B5CC2B142B6FBF0B001E86BD /* AddStudentView.swift */,
			);
			path = AddRow;
			sourceTree = "<group>";
		};
		B5CC2B172B6FC4CD001E86BD /* MenuBar */ = {
			isa = PBXGroup;
			children = (
				B5EEF3312B48459800B8C73D /* AboutAppView.swift */,
			);
			path = MenuBar;
			sourceTree = "<group>";
		};
		B5CC2B1E2B7136CB001E86BD /* EditRow */ = {
			isa = PBXGroup;
			children = (
				B5CC2B1F2B7136E9001E86BD /* EditStudentView.swift */,
			);
			path = EditRow;
			sourceTree = "<group>";
		};
		B5CC2B212B713700001E86BD /* ViewRow */ = {
			isa = PBXGroup;
			children = (
				B5CC2B232B713729001E86BD /* RowStudentView.swift */,
			);
			path = ViewRow;
			sourceTree = "<group>";
		};
		B5EEF3372B4D608500B8C73D /* Ukranian */ = {
			isa = PBXGroup;
			children = (
				B5EEF33C2B4D609800B8C73D /* Localizable.strings */,
			);
			path = Ukranian;
			sourceTree = "<group>";
		};
/* End PBXGroup section */

/* Begin PBXNativeTarget section */
		B5B55EA02B30C442002E0F4D /* Gradify */ = {
			isa = PBXNativeTarget;
			buildConfigurationList = B5B55EB02B30C444002E0F4D /* Build configuration list for PBXNativeTarget "Gradify" */;
			buildPhases = (
				B5B55E9D2B30C442002E0F4D /* Sources */,
				B5B55E9E2B30C442002E0F4D /* Frameworks */,
				B5B55E9F2B30C442002E0F4D /* Resources */,
			);
			buildRules = (
			);
			dependencies = (
			);
			name = Gradify;
			packageProductDependencies = (
				B5B55EC22B30CAB4002E0F4D /* FirebaseAuth */,
				B5B55EC52B30CB19002E0F4D /* FirebaseDatabase */,
				B5B55EC72B30CB21002E0F4D /* FirebaseFirestore */,
				B5B55EC92B30CB2E002E0F4D /* FirebaseStorage */,
			);
			productName = Gradify;
			productReference = B5B55EA12B30C442002E0F4D /* Gradify.app */;
			productType = "com.apple.product-type.application";
		};
/* End PBXNativeTarget section */

/* Begin PBXProject section */
		B5B55E992B30C442002E0F4D /* Project object */ = {
			isa = PBXProject;
			attributes = {
				BuildIndependentTargetsInParallel = 1;
				LastSwiftUpdateCheck = 1500;
				LastUpgradeCheck = 1510;
				TargetAttributes = {
					B5B55EA02B30C442002E0F4D = {
						CreatedOnToolsVersion = 15.0.1;
					};
				};
			};
			buildConfigurationList = B5B55E9C2B30C442002E0F4D /* Build configuration list for PBXProject "Gradify" */;
			compatibilityVersion = "Xcode 14.0";
			developmentRegion = uk;
			hasScannedForEncodings = 0;
			knownRegions = (
				en,
				Base,
				uk,
				de,
				fr,
				es,
			);
			mainGroup = B5B55E982B30C442002E0F4D;
			packageReferences = (
				B5B55EB62B30CA9C002E0F4D /* XCRemoteSwiftPackageReference "firebase-ios-sdk" */,
			);
			productRefGroup = B5B55EA22B30C442002E0F4D /* Products */;
			projectDirPath = "";
			projectRoot = "";
			targets = (
				B5B55EA02B30C442002E0F4D /* Gradify */,
			);
		};
/* End PBXProject section */

/* Begin PBXResourcesBuildPhase section */
		B5B55E9F2B30C442002E0F4D /* Resources */ = {
			isa = PBXResourcesBuildPhase;
			buildActionMask = 2147483647;
			files = (
				B551A4862B46C9F500B9E928 /* Localizable.strings in Resources */,
				B551A48B2B46CA4C00B9E928 /* Localizable.strings in Resources */,
				B5B55EA92B30C444002E0F4D /* Assets.xcassets in Resources */,
				B5EEF33A2B4D609800B8C73D /* Localizable.strings in Resources */,
				B551A4802B45EB5C00B9E928 /* Localizable.strings in Resources */,
				B5B55ECC2B30CBE9002E0F4D /* GoogleService-Info.plist in Resources */,
				B551A4932B46CD2000B9E928 /* Localizable.strings in Resources */,
			);
			runOnlyForDeploymentPostprocessing = 0;
		};
/* End PBXResourcesBuildPhase section */

/* Begin PBXSourcesBuildPhase section */
		B5B55E9D2B30C442002E0F4D /* Sources */ = {
			isa = PBXSourcesBuildPhase;
			buildActionMask = 2147483647;
			files = (
				B5E956D42B67F79900C00529 /* EventMonitorController.swift in Sources */,
				B5CC2B262B714534001E86BD /* AppKitFunc.swift in Sources */,
				B5CC2B132B6EA13F001E86BD /* DateExtension.swift in Sources */,
				B5D9AF652B66FF6500077CCD /* DataObjectModel.swift in Sources */,
				B5A5C8AE2B6BD2DF008F03D5 /* StudentInfoView.swift in Sources */,
				B5D9AF642B66FF6300077CCD /* LoadingScreen.swift in Sources */,
				B5D9AF632B66FF6000077CCD /* RowInfoViewModel.swift in Sources */,
				B5B55EED2B30CECF002E0F4D /* StartView.swift in Sources */,
				B5B55EA52B30C442002E0F4D /* AppDelegate.swift in Sources */,
				B5B55EEE2B30CECF002E0F4D /* ButtonViewModel.swift in Sources */,
				B5CC2B102B6E51D3001E86BD /* StudentListView.swift in Sources */,
				B5A5C8B42B6BD331008F03D5 /* PressedInfoButtonStyle.swift in Sources */,
				B5CC2B152B6FBF0B001E86BD /* AddStudentView.swift in Sources */,
				B5B55EE72B30CEC0002E0F4D /* PopOverView.swift in Sources */,
				B5EEF3362B48462500B8C73D /* SettingView.swift in Sources */,
				B5B55EE22B30CEB3002E0F4D /* LoginModel.swift in Sources */,
				B5A5C8B82B6BD8AC008F03D5 /* StudentCardViewModel.swift in Sources */,
				B5A6F37D2B52CAE30044DFF8 /* TestView.swift in Sources */,
				B5B55EDF2B30CE9F002E0F4D /* LoginView.swift in Sources */,
				B5A5C8B62B6BD33B008F03D5 /* PressedEditButtonStyle.swift in Sources */,
				B5CC2B192B6FF9F1001E86BD /* SuccessSaveView.swift in Sources */,
				B512AC612B36F93100E9A09A /* BlurBehindWindow.swift in Sources */,
				B5CC2B202B7136E9001E86BD /* EditStudentView.swift in Sources */,
				B5CC2B1B2B6FFF0D001E86BD /* ErrorSaveView.swift in Sources */,
				B5B55ED62B30CE57002E0F4D /* WindowController.swift in Sources */,
				B5EEF3322B48459800B8C73D /* AboutAppView.swift in Sources */,
				B5A6F37F2B52CD8E0044DFF8 /* ReadWriteModel.swift in Sources */,
				B5EEF3342B4845C800B8C73D /* RespectView.swift in Sources */,
				B5A5C8B22B6BD30A008F03D5 /* PressedDeleteButtonStyle.swift in Sources */,
				B5B55EDE2B30CE9F002E0F4D /* MainMenuView.swift in Sources */,
				B5CC2B1D2B71343B001E86BD /* Formatter.swift in Sources */,
				B5B55EB42B30C4AF002E0F4D /* main.swift in Sources */,
				B50964592B6AA2770084050C /* ViewExtension.swift in Sources */,
				B5F3412F2B4D956300AC5751 /* AcceptChangeLanguageView.swift in Sources */,
				B5CC2B242B713729001E86BD /* RowStudentView.swift in Sources */,
				B50964552B6A85A00084050C /* TempView.swift in Sources */,
				B58FCE772B5AE1FB00B5226F /* CursorHandler.swift in Sources */,
			);
			runOnlyForDeploymentPostprocessing = 0;
		};
/* End PBXSourcesBuildPhase section */

/* Begin PBXVariantGroup section */
		B551A4822B45EB5C00B9E928 /* Localizable.strings */ = {
			isa = PBXVariantGroup;
			children = (
				B551A4832B45EB5E00B9E928 /* de */,
			);
			name = Localizable.strings;
			sourceTree = "<group>";
		};
		B551A4882B46C9F500B9E928 /* Localizable.strings */ = {
			isa = PBXVariantGroup;
			children = (
				B551A4872B46C9F500B9E928 /* fr */,
			);
			name = Localizable.strings;
			sourceTree = "<group>";
		};
		B551A48D2B46CA4C00B9E928 /* Localizable.strings */ = {
			isa = PBXVariantGroup;
			children = (
				B551A48C2B46CA4C00B9E928 /* es */,
			);
			name = Localizable.strings;
			sourceTree = "<group>";
		};
		B551A4952B46CD2000B9E928 /* Localizable.strings */ = {
			isa = PBXVariantGroup;
			children = (
				B551A4942B46CD2000B9E928 /* en */,
			);
			name = Localizable.strings;
			sourceTree = "<group>";
		};
		B5EEF33C2B4D609800B8C73D /* Localizable.strings */ = {
			isa = PBXVariantGroup;
			children = (
				B5EEF33B2B4D609800B8C73D /* uk */,
			);
			name = Localizable.strings;
			sourceTree = "<group>";
		};
/* End PBXVariantGroup section */

/* Begin XCBuildConfiguration section */
		B5B55EAE2B30C444002E0F4D /* Debug */ = {
			isa = XCBuildConfiguration;
			buildSettings = {
				ALWAYS_SEARCH_USER_PATHS = NO;
				ASSETCATALOG_COMPILER_GENERATE_SWIFT_ASSET_SYMBOL_EXTENSIONS = YES;
				CLANG_ANALYZER_LOCALIZABILITY_NONLOCALIZED = YES;
				CLANG_ANALYZER_NONNULL = YES;
				CLANG_ANALYZER_NUMBER_OBJECT_CONVERSION = YES_AGGRESSIVE;
				CLANG_CXX_LANGUAGE_STANDARD = "gnu++20";
				CLANG_ENABLE_MODULES = YES;
				CLANG_ENABLE_OBJC_ARC = YES;
				CLANG_ENABLE_OBJC_WEAK = YES;
				CLANG_WARN_BLOCK_CAPTURE_AUTORELEASING = YES;
				CLANG_WARN_BOOL_CONVERSION = YES;
				CLANG_WARN_COMMA = YES;
				CLANG_WARN_CONSTANT_CONVERSION = YES;
				CLANG_WARN_DEPRECATED_OBJC_IMPLEMENTATIONS = YES;
				CLANG_WARN_DIRECT_OBJC_ISA_USAGE = YES_ERROR;
				CLANG_WARN_DOCUMENTATION_COMMENTS = YES;
				CLANG_WARN_EMPTY_BODY = YES;
				CLANG_WARN_ENUM_CONVERSION = YES;
				CLANG_WARN_INFINITE_RECURSION = YES;
				CLANG_WARN_INT_CONVERSION = YES;
				CLANG_WARN_NON_LITERAL_NULL_CONVERSION = YES;
				CLANG_WARN_OBJC_IMPLICIT_RETAIN_SELF = YES;
				CLANG_WARN_OBJC_LITERAL_CONVERSION = YES;
				CLANG_WARN_OBJC_ROOT_CLASS = YES_ERROR;
				CLANG_WARN_QUOTED_INCLUDE_IN_FRAMEWORK_HEADER = YES;
				CLANG_WARN_RANGE_LOOP_ANALYSIS = YES;
				CLANG_WARN_STRICT_PROTOTYPES = YES;
				CLANG_WARN_SUSPICIOUS_MOVE = YES;
				CLANG_WARN_UNGUARDED_AVAILABILITY = YES_AGGRESSIVE;
				CLANG_WARN_UNREACHABLE_CODE = YES;
				CLANG_WARN__DUPLICATE_METHOD_MATCH = YES;
				COPY_PHASE_STRIP = NO;
				DEAD_CODE_STRIPPING = YES;
				DEBUG_INFORMATION_FORMAT = dwarf;
				ENABLE_STRICT_OBJC_MSGSEND = YES;
				ENABLE_TESTABILITY = YES;
				ENABLE_USER_SCRIPT_SANDBOXING = YES;
				GCC_C_LANGUAGE_STANDARD = gnu17;
				GCC_DYNAMIC_NO_PIC = NO;
				GCC_NO_COMMON_BLOCKS = YES;
				GCC_OPTIMIZATION_LEVEL = 0;
				GCC_PREPROCESSOR_DEFINITIONS = (
					"DEBUG=1",
					"$(inherited)",
				);
				GCC_WARN_64_TO_32_BIT_CONVERSION = YES;
				GCC_WARN_ABOUT_RETURN_TYPE = YES_ERROR;
				GCC_WARN_UNDECLARED_SELECTOR = YES;
				GCC_WARN_UNINITIALIZED_AUTOS = YES_AGGRESSIVE;
				GCC_WARN_UNUSED_FUNCTION = YES;
				GCC_WARN_UNUSED_VARIABLE = YES;
				LOCALIZATION_PREFERS_STRING_CATALOGS = YES;
				MACOSX_DEPLOYMENT_TARGET = 14.0;
				MTL_ENABLE_DEBUG_INFO = INCLUDE_SOURCE;
				MTL_FAST_MATH = YES;
				ONLY_ACTIVE_ARCH = YES;
				SDKROOT = macosx;
				SWIFT_ACTIVE_COMPILATION_CONDITIONS = "DEBUG $(inherited)";
				SWIFT_OPTIMIZATION_LEVEL = "-Onone";
			};
			name = Debug;
		};
		B5B55EAF2B30C444002E0F4D /* Release */ = {
			isa = XCBuildConfiguration;
			buildSettings = {
				ALWAYS_SEARCH_USER_PATHS = NO;
				ASSETCATALOG_COMPILER_GENERATE_SWIFT_ASSET_SYMBOL_EXTENSIONS = YES;
				CLANG_ANALYZER_LOCALIZABILITY_NONLOCALIZED = YES;
				CLANG_ANALYZER_NONNULL = YES;
				CLANG_ANALYZER_NUMBER_OBJECT_CONVERSION = YES_AGGRESSIVE;
				CLANG_CXX_LANGUAGE_STANDARD = "gnu++20";
				CLANG_ENABLE_MODULES = YES;
				CLANG_ENABLE_OBJC_ARC = YES;
				CLANG_ENABLE_OBJC_WEAK = YES;
				CLANG_WARN_BLOCK_CAPTURE_AUTORELEASING = YES;
				CLANG_WARN_BOOL_CONVERSION = YES;
				CLANG_WARN_COMMA = YES;
				CLANG_WARN_CONSTANT_CONVERSION = YES;
				CLANG_WARN_DEPRECATED_OBJC_IMPLEMENTATIONS = YES;
				CLANG_WARN_DIRECT_OBJC_ISA_USAGE = YES_ERROR;
				CLANG_WARN_DOCUMENTATION_COMMENTS = YES;
				CLANG_WARN_EMPTY_BODY = YES;
				CLANG_WARN_ENUM_CONVERSION = YES;
				CLANG_WARN_INFINITE_RECURSION = YES;
				CLANG_WARN_INT_CONVERSION = YES;
				CLANG_WARN_NON_LITERAL_NULL_CONVERSION = YES;
				CLANG_WARN_OBJC_IMPLICIT_RETAIN_SELF = YES;
				CLANG_WARN_OBJC_LITERAL_CONVERSION = YES;
				CLANG_WARN_OBJC_ROOT_CLASS = YES_ERROR;
				CLANG_WARN_QUOTED_INCLUDE_IN_FRAMEWORK_HEADER = YES;
				CLANG_WARN_RANGE_LOOP_ANALYSIS = YES;
				CLANG_WARN_STRICT_PROTOTYPES = YES;
				CLANG_WARN_SUSPICIOUS_MOVE = YES;
				CLANG_WARN_UNGUARDED_AVAILABILITY = YES_AGGRESSIVE;
				CLANG_WARN_UNREACHABLE_CODE = YES;
				CLANG_WARN__DUPLICATE_METHOD_MATCH = YES;
				COPY_PHASE_STRIP = NO;
				DEAD_CODE_STRIPPING = YES;
				DEBUG_INFORMATION_FORMAT = "dwarf-with-dsym";
				ENABLE_NS_ASSERTIONS = NO;
				ENABLE_STRICT_OBJC_MSGSEND = YES;
				ENABLE_USER_SCRIPT_SANDBOXING = YES;
				GCC_C_LANGUAGE_STANDARD = gnu17;
				GCC_NO_COMMON_BLOCKS = YES;
				GCC_WARN_64_TO_32_BIT_CONVERSION = YES;
				GCC_WARN_ABOUT_RETURN_TYPE = YES_ERROR;
				GCC_WARN_UNDECLARED_SELECTOR = YES;
				GCC_WARN_UNINITIALIZED_AUTOS = YES_AGGRESSIVE;
				GCC_WARN_UNUSED_FUNCTION = YES;
				GCC_WARN_UNUSED_VARIABLE = YES;
				LOCALIZATION_PREFERS_STRING_CATALOGS = YES;
				MACOSX_DEPLOYMENT_TARGET = 14.0;
				MTL_ENABLE_DEBUG_INFO = NO;
				MTL_FAST_MATH = YES;
				SDKROOT = macosx;
				SWIFT_COMPILATION_MODE = wholemodule;
			};
			name = Release;
		};
		B5B55EB12B30C444002E0F4D /* Debug */ = {
			isa = XCBuildConfiguration;
			buildSettings = {
				ASSETCATALOG_COMPILER_APPICON_NAME = DevAppIcon;
				ASSETCATALOG_COMPILER_GLOBAL_ACCENT_COLOR_NAME = AccentColor;
				ASSETCATALOG_COMPILER_INCLUDE_ALL_APPICON_ASSETS = NO;
				CODE_SIGN_ENTITLEMENTS = Gradify/Gradify.entitlements;
				CODE_SIGN_IDENTITY = "Apple Development";
				CODE_SIGN_STYLE = Automatic;
				COMBINE_HIDPI_IMAGES = YES;
				CURRENT_PROJECT_VERSION = 0.0.25;
				DEAD_CODE_STRIPPING = YES;
				DEVELOPMENT_TEAM = L4XDJUG5Z2;
				ENABLE_HARDENED_RUNTIME = YES;
				GENERATE_INFOPLIST_FILE = YES;
				INFOPLIST_FILE = Gradify/Info.plist;
				INFOPLIST_KEY_CFBundleDisplayName = "Gradify for developers";
				INFOPLIST_KEY_LSApplicationCategoryType = "public.app-category.education";
				INFOPLIST_KEY_NSHumanReadableCopyright = "";
				INFOPLIST_KEY_NSPrincipalClass = NSApplication;
				LD_RUNPATH_SEARCH_PATHS = (
					"$(inherited)",
					"@executable_path/../Frameworks",
				);
				MARKETING_VERSION = "for developers";
				PRODUCT_BUNDLE_IDENTIFIER = AndriiIzbash.Gradify;
				PRODUCT_NAME = "$(TARGET_NAME)";
				PROVISIONING_PROFILE_SPECIFIER = "";
				SWIFT_EMIT_LOC_STRINGS = YES;
				SWIFT_VERSION = 5.0;
			};
			name = Debug;
		};
		B5B55EB22B30C444002E0F4D /* Release */ = {
			isa = XCBuildConfiguration;
			buildSettings = {
				ASSETCATALOG_COMPILER_APPICON_NAME = RealeseAppIcon;
				ASSETCATALOG_COMPILER_GLOBAL_ACCENT_COLOR_NAME = AccentColor;
				ASSETCATALOG_COMPILER_INCLUDE_ALL_APPICON_ASSETS = NO;
				CODE_SIGN_ENTITLEMENTS = Gradify/GradifyRelease.entitlements;
				CODE_SIGN_IDENTITY = "Apple Development";
				CODE_SIGN_STYLE = Automatic;
				COMBINE_HIDPI_IMAGES = YES;
				CURRENT_PROJECT_VERSION = 0.0.25;
				DEAD_CODE_STRIPPING = YES;
				DEVELOPMENT_TEAM = L4XDJUG5Z2;
				ENABLE_HARDENED_RUNTIME = YES;
				GENERATE_INFOPLIST_FILE = YES;
				INFOPLIST_FILE = Gradify/Info.plist;
				INFOPLIST_KEY_CFBundleDisplayName = "Gradify for developers";
				INFOPLIST_KEY_LSApplicationCategoryType = "public.app-category.education";
				INFOPLIST_KEY_NSHumanReadableCopyright = "";
				INFOPLIST_KEY_NSPrincipalClass = NSApplication;
				LD_RUNPATH_SEARCH_PATHS = (
					"$(inherited)",
					"@executable_path/../Frameworks",
				);
				MARKETING_VERSION = realese;
				PRODUCT_BUNDLE_IDENTIFIER = AndriiIzbash.Gradify;
				PRODUCT_NAME = "$(TARGET_NAME)";
				PROVISIONING_PROFILE_SPECIFIER = "";
				SWIFT_EMIT_LOC_STRINGS = YES;
				SWIFT_VERSION = 5.0;
			};
			name = Release;
		};
/* End XCBuildConfiguration section */

/* Begin XCConfigurationList section */
		B5B55E9C2B30C442002E0F4D /* Build configuration list for PBXProject "Gradify" */ = {
			isa = XCConfigurationList;
			buildConfigurations = (
				B5B55EAE2B30C444002E0F4D /* Debug */,
				B5B55EAF2B30C444002E0F4D /* Release */,
			);
			defaultConfigurationIsVisible = 0;
			defaultConfigurationName = Release;
		};
		B5B55EB02B30C444002E0F4D /* Build configuration list for PBXNativeTarget "Gradify" */ = {
			isa = XCConfigurationList;
			buildConfigurations = (
				B5B55EB12B30C444002E0F4D /* Debug */,
				B5B55EB22B30C444002E0F4D /* Release */,
			);
			defaultConfigurationIsVisible = 0;
			defaultConfigurationName = Release;
		};
/* End XCConfigurationList section */

/* Begin XCRemoteSwiftPackageReference section */
		B5B55EB62B30CA9C002E0F4D /* XCRemoteSwiftPackageReference "firebase-ios-sdk" */ = {
			isa = XCRemoteSwiftPackageReference;
			repositoryURL = "https://github.com/firebase/firebase-ios-sdk";
			requirement = {
				kind = upToNextMajorVersion;
				minimumVersion = 10.19.1;
			};
		};
/* End XCRemoteSwiftPackageReference section */

/* Begin XCSwiftPackageProductDependency section */
		B5B55EC22B30CAB4002E0F4D /* FirebaseAuth */ = {
			isa = XCSwiftPackageProductDependency;
			package = B5B55EB62B30CA9C002E0F4D /* XCRemoteSwiftPackageReference "firebase-ios-sdk" */;
			productName = FirebaseAuth;
		};
		B5B55EC52B30CB19002E0F4D /* FirebaseDatabase */ = {
			isa = XCSwiftPackageProductDependency;
			package = B5B55EB62B30CA9C002E0F4D /* XCRemoteSwiftPackageReference "firebase-ios-sdk" */;
			productName = FirebaseDatabase;
		};
		B5B55EC72B30CB21002E0F4D /* FirebaseFirestore */ = {
			isa = XCSwiftPackageProductDependency;
			package = B5B55EB62B30CA9C002E0F4D /* XCRemoteSwiftPackageReference "firebase-ios-sdk" */;
			productName = FirebaseFirestore;
		};
		B5B55EC92B30CB2E002E0F4D /* FirebaseStorage */ = {
			isa = XCSwiftPackageProductDependency;
			package = B5B55EB62B30CA9C002E0F4D /* XCRemoteSwiftPackageReference "firebase-ios-sdk" */;
			productName = FirebaseStorage;
		};
/* End XCSwiftPackageProductDependency section */
	};
	rootObject = B5B55E992B30C442002E0F4D /* Project object */;
}
