// !$*UTF8*$!
{
	archiveVersion = 1;
	classes = {
	};
	objectVersion = 56;
	objects = {

/* Begin PBXBuildFile section */
		B512AC5E2B36F74F00E9A09A /* AboutAppView.swift in Sources */ = {isa = PBXBuildFile; fileRef = B512AC5D2B36F74E00E9A09A /* AboutAppView.swift */; };
		B512AC612B36F93100E9A09A /* BlurBehindWindow.swift in Sources */ = {isa = PBXBuildFile; fileRef = B512AC602B36F93100E9A09A /* BlurBehindWindow.swift */; };
		B512AC632B3ACD5F00E9A09A /* RespectView.swift in Sources */ = {isa = PBXBuildFile; fileRef = B512AC622B3ACD5F00E9A09A /* RespectView.swift */; };
		B5B55EA52B30C442002E0F4D /* AppDelegate.swift in Sources */ = {isa = PBXBuildFile; fileRef = B5B55EA42B30C442002E0F4D /* AppDelegate.swift */; };
		B5B55EA92B30C444002E0F4D /* Assets.xcassets in Resources */ = {isa = PBXBuildFile; fileRef = B5B55EA82B30C444002E0F4D /* Assets.xcassets */; };
		B5B55EB42B30C4AF002E0F4D /* main.swift in Sources */ = {isa = PBXBuildFile; fileRef = B5B55EB32B30C4AF002E0F4D /* main.swift */; };
		B5B55EC32B30CAB4002E0F4D /* FirebaseAuth in Frameworks */ = {isa = PBXBuildFile; productRef = B5B55EC22B30CAB4002E0F4D /* FirebaseAuth */; };
		B5B55EC62B30CB19002E0F4D /* FirebaseDatabase in Frameworks */ = {isa = PBXBuildFile; productRef = B5B55EC52B30CB19002E0F4D /* FirebaseDatabase */; };
		B5B55EC82B30CB21002E0F4D /* FirebaseFirestore in Frameworks */ = {isa = PBXBuildFile; productRef = B5B55EC72B30CB21002E0F4D /* FirebaseFirestore */; };
		B5B55ECA2B30CB2E002E0F4D /* FirebaseStorage in Frameworks */ = {isa = PBXBuildFile; productRef = B5B55EC92B30CB2E002E0F4D /* FirebaseStorage */; };
		B5B55ECC2B30CBE9002E0F4D /* GoogleService-Info.plist in Resources */ = {isa = PBXBuildFile; fileRef = B5B55ECB2B30CBE9002E0F4D /* GoogleService-Info.plist */; };
		B5B55ED62B30CE57002E0F4D /* WindowController.swift in Sources */ = {isa = PBXBuildFile; fileRef = B5B55ED52B30CE57002E0F4D /* WindowController.swift */; };
		B5B55EDE2B30CE9F002E0F4D /* MainMenuView.swift in Sources */ = {isa = PBXBuildFile; fileRef = B5B55EDC2B30CE9F002E0F4D /* MainMenuView.swift */; };
		B5B55EDF2B30CE9F002E0F4D /* AuthView.swift in Sources */ = {isa = PBXBuildFile; fileRef = B5B55EDD2B30CE9F002E0F4D /* AuthView.swift */; };
		B5B55EE22B30CEB3002E0F4D /* LoginModel.swift in Sources */ = {isa = PBXBuildFile; fileRef = B5B55EE12B30CEB3002E0F4D /* LoginModel.swift */; };
		B5B55EE62B30CEC0002E0F4D /* LoadingScreen.swift in Sources */ = {isa = PBXBuildFile; fileRef = B5B55EE42B30CEC0002E0F4D /* LoadingScreen.swift */; };
		B5B55EE72B30CEC0002E0F4D /* PopOverView.swift in Sources */ = {isa = PBXBuildFile; fileRef = B5B55EE52B30CEC0002E0F4D /* PopOverView.swift */; };
		B5B55EED2B30CECF002E0F4D /* StartView.swift in Sources */ = {isa = PBXBuildFile; fileRef = B5B55EE92B30CECF002E0F4D /* StartView.swift */; };
		B5B55EEE2B30CECF002E0F4D /* ButtonViewModel.swift in Sources */ = {isa = PBXBuildFile; fileRef = B5B55EEA2B30CECF002E0F4D /* ButtonViewModel.swift */; };
		B5B55EEF2B30CECF002E0F4D /* FastTutorialView.swift in Sources */ = {isa = PBXBuildFile; fileRef = B5B55EEB2B30CECF002E0F4D /* FastTutorialView.swift */; };
		B5B55EF02B30CECF002E0F4D /* RowInfoViewModel.swift in Sources */ = {isa = PBXBuildFile; fileRef = B5B55EEC2B30CECF002E0F4D /* RowInfoViewModel.swift */; };
/* End PBXBuildFile section */

/* Begin PBXFileReference section */
		B512AC5D2B36F74E00E9A09A /* AboutAppView.swift */ = {isa = PBXFileReference; lastKnownFileType = sourcecode.swift; name = AboutAppView.swift; path = Gradify/View/Start/AboutAppView.swift; sourceTree = SOURCE_ROOT; };
		B512AC602B36F93100E9A09A /* BlurBehindWindow.swift */ = {isa = PBXFileReference; lastKnownFileType = sourcecode.swift; path = BlurBehindWindow.swift; sourceTree = "<group>"; };
		B512AC622B3ACD5F00E9A09A /* RespectView.swift */ = {isa = PBXFileReference; lastKnownFileType = sourcecode.swift; name = RespectView.swift; path = Gradify/View/PopUp/RespectView.swift; sourceTree = SOURCE_ROOT; };
		B5B55EA12B30C442002E0F4D /* Gradify.app */ = {isa = PBXFileReference; explicitFileType = wrapper.application; includeInIndex = 0; path = Gradify.app; sourceTree = BUILT_PRODUCTS_DIR; };
		B5B55EA42B30C442002E0F4D /* AppDelegate.swift */ = {isa = PBXFileReference; lastKnownFileType = sourcecode.swift; path = AppDelegate.swift; sourceTree = "<group>"; };
		B5B55EA82B30C444002E0F4D /* Assets.xcassets */ = {isa = PBXFileReference; lastKnownFileType = folder.assetcatalog; path = Assets.xcassets; sourceTree = "<group>"; };
		B5B55EAD2B30C444002E0F4D /* Gradify.entitlements */ = {isa = PBXFileReference; lastKnownFileType = text.plist.entitlements; path = Gradify.entitlements; sourceTree = "<group>"; };
		B5B55EB32B30C4AF002E0F4D /* main.swift */ = {isa = PBXFileReference; lastKnownFileType = sourcecode.swift; path = main.swift; sourceTree = "<group>"; };
		B5B55EB52B30C55B002E0F4D /* Info.plist */ = {isa = PBXFileReference; lastKnownFileType = text.plist; path = Info.plist; sourceTree = "<group>"; };
		B5B55EC42B30CAF5002E0F4D /* GradifyRelease.entitlements */ = {isa = PBXFileReference; lastKnownFileType = text.plist.entitlements; path = GradifyRelease.entitlements; sourceTree = "<group>"; };
		B5B55ECB2B30CBE9002E0F4D /* GoogleService-Info.plist */ = {isa = PBXFileReference; fileEncoding = 4; lastKnownFileType = text.plist.xml; path = "GoogleService-Info.plist"; sourceTree = "<group>"; };
		B5B55ECE2B30CDA2002E0F4D /* Assets.xcassets */ = {isa = PBXFileReference; lastKnownFileType = folder.assetcatalog; path = Assets.xcassets; sourceTree = "<group>"; };
		B5B55ED52B30CE57002E0F4D /* WindowController.swift */ = {isa = PBXFileReference; fileEncoding = 4; lastKnownFileType = sourcecode.swift; path = WindowController.swift; sourceTree = "<group>"; };
		B5B55EDC2B30CE9F002E0F4D /* MainMenuView.swift */ = {isa = PBXFileReference; fileEncoding = 4; lastKnownFileType = sourcecode.swift; path = MainMenuView.swift; sourceTree = "<group>"; };
		B5B55EDD2B30CE9F002E0F4D /* AuthView.swift */ = {isa = PBXFileReference; fileEncoding = 4; lastKnownFileType = sourcecode.swift; path = AuthView.swift; sourceTree = "<group>"; };
		B5B55EE12B30CEB3002E0F4D /* LoginModel.swift */ = {isa = PBXFileReference; fileEncoding = 4; lastKnownFileType = sourcecode.swift; path = LoginModel.swift; sourceTree = "<group>"; };
		B5B55EE42B30CEC0002E0F4D /* LoadingScreen.swift */ = {isa = PBXFileReference; fileEncoding = 4; lastKnownFileType = sourcecode.swift; path = LoadingScreen.swift; sourceTree = "<group>"; };
		B5B55EE52B30CEC0002E0F4D /* PopOverView.swift */ = {isa = PBXFileReference; fileEncoding = 4; lastKnownFileType = sourcecode.swift; path = PopOverView.swift; sourceTree = "<group>"; };
		B5B55EE92B30CECF002E0F4D /* StartView.swift */ = {isa = PBXFileReference; fileEncoding = 4; lastKnownFileType = sourcecode.swift; path = StartView.swift; sourceTree = "<group>"; };
		B5B55EEA2B30CECF002E0F4D /* ButtonViewModel.swift */ = {isa = PBXFileReference; fileEncoding = 4; lastKnownFileType = sourcecode.swift; path = ButtonViewModel.swift; sourceTree = "<group>"; };
		B5B55EEB2B30CECF002E0F4D /* FastTutorialView.swift */ = {isa = PBXFileReference; fileEncoding = 4; lastKnownFileType = sourcecode.swift; path = FastTutorialView.swift; sourceTree = "<group>"; };
		B5B55EEC2B30CECF002E0F4D /* RowInfoViewModel.swift */ = {isa = PBXFileReference; fileEncoding = 4; lastKnownFileType = sourcecode.swift; path = RowInfoViewModel.swift; sourceTree = "<group>"; };
/* End PBXFileReference section */

/* Begin PBXFrameworksBuildPhase section */
		B5B55E9E2B30C442002E0F4D /* Frameworks */ = {
			isa = PBXFrameworksBuildPhase;
			buildActionMask = 2147483647;
			files = (
				B5B55EC62B30CB19002E0F4D /* FirebaseDatabase in Frameworks */,
				B5B55ECA2B30CB2E002E0F4D /* FirebaseStorage in Frameworks */,
				B5B55EC32B30CAB4002E0F4D /* FirebaseAuth in Frameworks */,
				B5B55EC82B30CB21002E0F4D /* FirebaseFirestore in Frameworks */,
			);
			runOnlyForDeploymentPostprocessing = 0;
		};
/* End PBXFrameworksBuildPhase section */

/* Begin PBXGroup section */
		B512AC5F2B36F90100E9A09A /* VisualEffects */ = {
			isa = PBXGroup;
			children = (
				B512AC602B36F93100E9A09A /* BlurBehindWindow.swift */,
			);
			path = VisualEffects;
			sourceTree = "<group>";
		};
		B512AC642B3ACE1600E9A09A /* ViewModel */ = {
			isa = PBXGroup;
			children = (
				B5B55EEC2B30CECF002E0F4D /* RowInfoViewModel.swift */,
				B5B55EEA2B30CECF002E0F4D /* ButtonViewModel.swift */,
			);
			path = ViewModel;
			sourceTree = "<group>";
		};
		B512AC652B3ACF2E00E9A09A /* Delegate */ = {
			isa = PBXGroup;
			children = (
				B5B55EA42B30C442002E0F4D /* AppDelegate.swift */,
			);
			path = Delegate;
			sourceTree = "<group>";
		};
		B5B55E982B30C442002E0F4D = {
			isa = PBXGroup;
			children = (
				B5B55EA32B30C442002E0F4D /* Gradify */,
				B5B55EA22B30C442002E0F4D /* Products */,
				B5B55EC12B30CAB4002E0F4D /* Frameworks */,
			);
			sourceTree = "<group>";
		};
		B5B55EA22B30C442002E0F4D /* Products */ = {
			isa = PBXGroup;
			children = (
				B5B55EA12B30C442002E0F4D /* Gradify.app */,
			);
			name = Products;
			sourceTree = "<group>";
		};
		B5B55EA32B30C442002E0F4D /* Gradify */ = {
			isa = PBXGroup;
			children = (
				B5B55EC42B30CAF5002E0F4D /* GradifyRelease.entitlements */,
				B5B55ECE2B30CDA2002E0F4D /* Assets.xcassets */,
				B5B55EB32B30C4AF002E0F4D /* main.swift */,
				B512AC652B3ACF2E00E9A09A /* Delegate */,
				B512AC5F2B36F90100E9A09A /* VisualEffects */,
				B5B55EDA2B30CE8E002E0F4D /* View */,
				B5B55ED72B30CE65002E0F4D /* Controller */,
				B5B55EB52B30C55B002E0F4D /* Info.plist */,
				B5B55ECB2B30CBE9002E0F4D /* GoogleService-Info.plist */,
				B5B55EA82B30C444002E0F4D /* Assets.xcassets */,
				B5B55EAD2B30C444002E0F4D /* Gradify.entitlements */,
			);
			path = Gradify;
			sourceTree = "<group>";
		};
		B5B55EC12B30CAB4002E0F4D /* Frameworks */ = {
			isa = PBXGroup;
			children = (
			);
			name = Frameworks;
			sourceTree = "<group>";
		};
		B5B55ED72B30CE65002E0F4D /* Controller */ = {
			isa = PBXGroup;
			children = (
				B5B55ED52B30CE57002E0F4D /* WindowController.swift */,
			);
			path = Controller;
			sourceTree = "<group>";
		};
		B5B55EDA2B30CE8E002E0F4D /* View */ = {
			isa = PBXGroup;
			children = (
				B512AC642B3ACE1600E9A09A /* ViewModel */,
				B5B55EE82B30CEC8002E0F4D /* Start */,
				B5B55EE32B30CEBB002E0F4D /* PopUp */,
				B5B55EE02B30CEAE002E0F4D /* Model */,
				B5B55EDB2B30CE99002E0F4D /* Main */,
			);
			path = View;
			sourceTree = "<group>";
		};
		B5B55EDB2B30CE99002E0F4D /* Main */ = {
			isa = PBXGroup;
			children = (
				B5B55EDD2B30CE9F002E0F4D /* AuthView.swift */,
				B5B55EDC2B30CE9F002E0F4D /* MainMenuView.swift */,
			);
			path = Main;
			sourceTree = "<group>";
		};
		B5B55EE02B30CEAE002E0F4D /* Model */ = {
			isa = PBXGroup;
			children = (
				B5B55EE12B30CEB3002E0F4D /* LoginModel.swift */,
			);
			path = Model;
			sourceTree = "<group>";
		};
		B5B55EE32B30CEBB002E0F4D /* PopUp */ = {
			isa = PBXGroup;
			children = (
				B512AC622B3ACD5F00E9A09A /* RespectView.swift */,
				B5B55EE42B30CEC0002E0F4D /* LoadingScreen.swift */,
				B5B55EE52B30CEC0002E0F4D /* PopOverView.swift */,
			);
			path = PopUp;
			sourceTree = "<group>";
		};
		B5B55EE82B30CEC8002E0F4D /* Start */ = {
			isa = PBXGroup;
			children = (
				B5B55EEB2B30CECF002E0F4D /* FastTutorialView.swift */,
				B5B55EE92B30CECF002E0F4D /* StartView.swift */,
				B512AC5D2B36F74E00E9A09A /* AboutAppView.swift */,
			);
			path = Start;
			sourceTree = "<group>";
		};
/* End PBXGroup section */

/* Begin PBXNativeTarget section */
		B5B55EA02B30C442002E0F4D /* Gradify */ = {
			isa = PBXNativeTarget;
			buildConfigurationList = B5B55EB02B30C444002E0F4D /* Build configuration list for PBXNativeTarget "Gradify" */;
			buildPhases = (
				B5B55E9D2B30C442002E0F4D /* Sources */,
				B5B55E9E2B30C442002E0F4D /* Frameworks */,
				B5B55E9F2B30C442002E0F4D /* Resources */,
			);
			buildRules = (
			);
			dependencies = (
			);
			name = Gradify;
			packageProductDependencies = (
				B5B55EC22B30CAB4002E0F4D /* FirebaseAuth */,
				B5B55EC52B30CB19002E0F4D /* FirebaseDatabase */,
				B5B55EC72B30CB21002E0F4D /* FirebaseFirestore */,
				B5B55EC92B30CB2E002E0F4D /* FirebaseStorage */,
			);
			productName = Gradify;
			productReference = B5B55EA12B30C442002E0F4D /* Gradify.app */;
			productType = "com.apple.product-type.application";
		};
/* End PBXNativeTarget section */

/* Begin PBXProject section */
		B5B55E992B30C442002E0F4D /* Project object */ = {
			isa = PBXProject;
			attributes = {
				BuildIndependentTargetsInParallel = 1;
				LastSwiftUpdateCheck = 1500;
				LastUpgradeCheck = 1510;
				TargetAttributes = {
					B5B55EA02B30C442002E0F4D = {
						CreatedOnToolsVersion = 15.0.1;
					};
				};
			};
			buildConfigurationList = B5B55E9C2B30C442002E0F4D /* Build configuration list for PBXProject "Gradify" */;
			compatibilityVersion = "Xcode 14.0";
			developmentRegion = uk;
			hasScannedForEncodings = 0;
			knownRegions = (
				en,
				Base,
				uk,
			);
			mainGroup = B5B55E982B30C442002E0F4D;
			packageReferences = (
				B5B55EB62B30CA9C002E0F4D /* XCRemoteSwiftPackageReference "firebase-ios-sdk" */,
			);
			productRefGroup = B5B55EA22B30C442002E0F4D /* Products */;
			projectDirPath = "";
			projectRoot = "";
			targets = (
				B5B55EA02B30C442002E0F4D /* Gradify */,
			);
		};
/* End PBXProject section */

/* Begin PBXResourcesBuildPhase section */
		B5B55E9F2B30C442002E0F4D /* Resources */ = {
			isa = PBXResourcesBuildPhase;
			buildActionMask = 2147483647;
			files = (
				B5B55EA92B30C444002E0F4D /* Assets.xcassets in Resources */,
				B5B55ECC2B30CBE9002E0F4D /* GoogleService-Info.plist in Resources */,
			);
			runOnlyForDeploymentPostprocessing = 0;
		};
/* End PBXResourcesBuildPhase section */

/* Begin PBXSourcesBuildPhase section */
		B5B55E9D2B30C442002E0F4D /* Sources */ = {
			isa = PBXSourcesBuildPhase;
			buildActionMask = 2147483647;
			files = (
				B5B55EED2B30CECF002E0F4D /* StartView.swift in Sources */,
				B5B55EA52B30C442002E0F4D /* AppDelegate.swift in Sources */,
				B5B55EEE2B30CECF002E0F4D /* ButtonViewModel.swift in Sources */,
				B5B55EF02B30CECF002E0F4D /* RowInfoViewModel.swift in Sources */,
				B512AC5E2B36F74F00E9A09A /* AboutAppView.swift in Sources */,
				B5B55EE62B30CEC0002E0F4D /* LoadingScreen.swift in Sources */,
				B5B55EE72B30CEC0002E0F4D /* PopOverView.swift in Sources */,
				B5B55EE22B30CEB3002E0F4D /* LoginModel.swift in Sources */,
				B5B55EDF2B30CE9F002E0F4D /* AuthView.swift in Sources */,
				B512AC612B36F93100E9A09A /* BlurBehindWindow.swift in Sources */,
				B5B55ED62B30CE57002E0F4D /* WindowController.swift in Sources */,
				B5B55EEF2B30CECF002E0F4D /* FastTutorialView.swift in Sources */,
				B512AC632B3ACD5F00E9A09A /* RespectView.swift in Sources */,
				B5B55EDE2B30CE9F002E0F4D /* MainMenuView.swift in Sources */,
				B5B55EB42B30C4AF002E0F4D /* main.swift in Sources */,
			);
			runOnlyForDeploymentPostprocessing = 0;
		};
/* End PBXSourcesBuildPhase section */

/* Begin XCBuildConfiguration section */
		B5B55EAE2B30C444002E0F4D /* Debug */ = {
			isa = XCBuildConfiguration;
			buildSettings = {
				ALWAYS_SEARCH_USER_PATHS = NO;
				ASSETCATALOG_COMPILER_GENERATE_SWIFT_ASSET_SYMBOL_EXTENSIONS = YES;
				CLANG_ANALYZER_LOCALIZABILITY_NONLOCALIZED = YES;
				CLANG_ANALYZER_NONNULL = YES;
				CLANG_ANALYZER_NUMBER_OBJECT_CONVERSION = YES_AGGRESSIVE;
				CLANG_CXX_LANGUAGE_STANDARD = "gnu++20";
				CLANG_ENABLE_MODULES = YES;
				CLANG_ENABLE_OBJC_ARC = YES;
				CLANG_ENABLE_OBJC_WEAK = YES;
				CLANG_WARN_BLOCK_CAPTURE_AUTORELEASING = YES;
				CLANG_WARN_BOOL_CONVERSION = YES;
				CLANG_WARN_COMMA = YES;
				CLANG_WARN_CONSTANT_CONVERSION = YES;
				CLANG_WARN_DEPRECATED_OBJC_IMPLEMENTATIONS = YES;
				CLANG_WARN_DIRECT_OBJC_ISA_USAGE = YES_ERROR;
				CLANG_WARN_DOCUMENTATION_COMMENTS = YES;
				CLANG_WARN_EMPTY_BODY = YES;
				CLANG_WARN_ENUM_CONVERSION = YES;
				CLANG_WARN_INFINITE_RECURSION = YES;
				CLANG_WARN_INT_CONVERSION = YES;
				CLANG_WARN_NON_LITERAL_NULL_CONVERSION = YES;
				CLANG_WARN_OBJC_IMPLICIT_RETAIN_SELF = YES;
				CLANG_WARN_OBJC_LITERAL_CONVERSION = YES;
				CLANG_WARN_OBJC_ROOT_CLASS = YES_ERROR;
				CLANG_WARN_QUOTED_INCLUDE_IN_FRAMEWORK_HEADER = YES;
				CLANG_WARN_RANGE_LOOP_ANALYSIS = YES;
				CLANG_WARN_STRICT_PROTOTYPES = YES;
				CLANG_WARN_SUSPICIOUS_MOVE = YES;
				CLANG_WARN_UNGUARDED_AVAILABILITY = YES_AGGRESSIVE;
				CLANG_WARN_UNREACHABLE_CODE = YES;
				CLANG_WARN__DUPLICATE_METHOD_MATCH = YES;
				COPY_PHASE_STRIP = NO;
				DEAD_CODE_STRIPPING = YES;
				DEBUG_INFORMATION_FORMAT = dwarf;
				ENABLE_STRICT_OBJC_MSGSEND = YES;
				ENABLE_TESTABILITY = YES;
				ENABLE_USER_SCRIPT_SANDBOXING = YES;
				GCC_C_LANGUAGE_STANDARD = gnu17;
				GCC_DYNAMIC_NO_PIC = NO;
				GCC_NO_COMMON_BLOCKS = YES;
				GCC_OPTIMIZATION_LEVEL = 0;
				GCC_PREPROCESSOR_DEFINITIONS = (
					"DEBUG=1",
					"$(inherited)",
				);
				GCC_WARN_64_TO_32_BIT_CONVERSION = YES;
				GCC_WARN_ABOUT_RETURN_TYPE = YES_ERROR;
				GCC_WARN_UNDECLARED_SELECTOR = YES;
				GCC_WARN_UNINITIALIZED_AUTOS = YES_AGGRESSIVE;
				GCC_WARN_UNUSED_FUNCTION = YES;
				GCC_WARN_UNUSED_VARIABLE = YES;
				LOCALIZATION_PREFERS_STRING_CATALOGS = YES;
				MACOSX_DEPLOYMENT_TARGET = 14.0;
				MTL_ENABLE_DEBUG_INFO = INCLUDE_SOURCE;
				MTL_FAST_MATH = YES;
				ONLY_ACTIVE_ARCH = YES;
				SDKROOT = macosx;
				SWIFT_ACTIVE_COMPILATION_CONDITIONS = "DEBUG $(inherited)";
				SWIFT_OPTIMIZATION_LEVEL = "-Onone";
			};
			name = Debug;
		};
		B5B55EAF2B30C444002E0F4D /* Release */ = {
			isa = XCBuildConfiguration;
			buildSettings = {
				ALWAYS_SEARCH_USER_PATHS = NO;
				ASSETCATALOG_COMPILER_GENERATE_SWIFT_ASSET_SYMBOL_EXTENSIONS = YES;
				CLANG_ANALYZER_LOCALIZABILITY_NONLOCALIZED = YES;
				CLANG_ANALYZER_NONNULL = YES;
				CLANG_ANALYZER_NUMBER_OBJECT_CONVERSION = YES_AGGRESSIVE;
				CLANG_CXX_LANGUAGE_STANDARD = "gnu++20";
				CLANG_ENABLE_MODULES = YES;
				CLANG_ENABLE_OBJC_ARC = YES;
				CLANG_ENABLE_OBJC_WEAK = YES;
				CLANG_WARN_BLOCK_CAPTURE_AUTORELEASING = YES;
				CLANG_WARN_BOOL_CONVERSION = YES;
				CLANG_WARN_COMMA = YES;
				CLANG_WARN_CONSTANT_CONVERSION = YES;
				CLANG_WARN_DEPRECATED_OBJC_IMPLEMENTATIONS = YES;
				CLANG_WARN_DIRECT_OBJC_ISA_USAGE = YES_ERROR;
				CLANG_WARN_DOCUMENTATION_COMMENTS = YES;
				CLANG_WARN_EMPTY_BODY = YES;
				CLANG_WARN_ENUM_CONVERSION = YES;
				CLANG_WARN_INFINITE_RECURSION = YES;
				CLANG_WARN_INT_CONVERSION = YES;
				CLANG_WARN_NON_LITERAL_NULL_CONVERSION = YES;
				CLANG_WARN_OBJC_IMPLICIT_RETAIN_SELF = YES;
				CLANG_WARN_OBJC_LITERAL_CONVERSION = YES;
				CLANG_WARN_OBJC_ROOT_CLASS = YES_ERROR;
				CLANG_WARN_QUOTED_INCLUDE_IN_FRAMEWORK_HEADER = YES;
				CLANG_WARN_RANGE_LOOP_ANALYSIS = YES;
				CLANG_WARN_STRICT_PROTOTYPES = YES;
				CLANG_WARN_SUSPICIOUS_MOVE = YES;
				CLANG_WARN_UNGUARDED_AVAILABILITY = YES_AGGRESSIVE;
				CLANG_WARN_UNREACHABLE_CODE = YES;
				CLANG_WARN__DUPLICATE_METHOD_MATCH = YES;
				COPY_PHASE_STRIP = NO;
				DEAD_CODE_STRIPPING = YES;
				DEBUG_INFORMATION_FORMAT = "dwarf-with-dsym";
				ENABLE_NS_ASSERTIONS = NO;
				ENABLE_STRICT_OBJC_MSGSEND = YES;
				ENABLE_USER_SCRIPT_SANDBOXING = YES;
				GCC_C_LANGUAGE_STANDARD = gnu17;
				GCC_NO_COMMON_BLOCKS = YES;
				GCC_WARN_64_TO_32_BIT_CONVERSION = YES;
				GCC_WARN_ABOUT_RETURN_TYPE = YES_ERROR;
				GCC_WARN_UNDECLARED_SELECTOR = YES;
				GCC_WARN_UNINITIALIZED_AUTOS = YES_AGGRESSIVE;
				GCC_WARN_UNUSED_FUNCTION = YES;
				GCC_WARN_UNUSED_VARIABLE = YES;
				LOCALIZATION_PREFERS_STRING_CATALOGS = YES;
				MACOSX_DEPLOYMENT_TARGET = 14.0;
				MTL_ENABLE_DEBUG_INFO = NO;
				MTL_FAST_MATH = YES;
				SDKROOT = macosx;
				SWIFT_COMPILATION_MODE = wholemodule;
			};
			name = Release;
		};
		B5B55EB12B30C444002E0F4D /* Debug */ = {
			isa = XCBuildConfiguration;
			buildSettings = {
				ASSETCATALOG_COMPILER_APPICON_NAME = DevAppIcon;
				ASSETCATALOG_COMPILER_GLOBAL_ACCENT_COLOR_NAME = AccentColor;
				CODE_SIGN_ENTITLEMENTS = Gradify/Gradify.entitlements;
				CODE_SIGN_IDENTITY = "Apple Development";
				CODE_SIGN_STYLE = Automatic;
				COMBINE_HIDPI_IMAGES = YES;
				CURRENT_PROJECT_VERSION = 0.0.1;
				DEAD_CODE_STRIPPING = YES;
				DEVELOPMENT_TEAM = L4XDJUG5Z2;
				ENABLE_HARDENED_RUNTIME = YES;
				GENERATE_INFOPLIST_FILE = YES;
				INFOPLIST_FILE = Gradify/Info.plist;
				INFOPLIST_KEY_CFBundleDisplayName = "Gradify for developers";
				INFOPLIST_KEY_LSApplicationCategoryType = "public.app-category.education";
				INFOPLIST_KEY_NSHumanReadableCopyright = "";
				INFOPLIST_KEY_NSPrincipalClass = NSApplication;
				LD_RUNPATH_SEARCH_PATHS = (
					"$(inherited)",
					"@executable_path/../Frameworks",
				);
				MARKETING_VERSION = "for developers";
				PRODUCT_BUNDLE_IDENTIFIER = AndriiIzbash.Gradify;
				PRODUCT_NAME = "$(TARGET_NAME)";
				PROVISIONING_PROFILE_SPECIFIER = "";
				SWIFT_EMIT_LOC_STRINGS = YES;
				SWIFT_VERSION = 5.0;
			};
			name = Debug;
		};
		B5B55EB22B30C444002E0F4D /* Release */ = {
			isa = XCBuildConfiguration;
			buildSettings = {
				ASSETCATALOG_COMPILER_APPICON_NAME = RealeseAppIcon;
				ASSETCATALOG_COMPILER_GLOBAL_ACCENT_COLOR_NAME = AccentColor;
				CODE_SIGN_ENTITLEMENTS = Gradify/GradifyRelease.entitlements;
				CODE_SIGN_IDENTITY = "Apple Development";
				CODE_SIGN_STYLE = Automatic;
				COMBINE_HIDPI_IMAGES = YES;
				CURRENT_PROJECT_VERSION = 0.0.1;
				DEAD_CODE_STRIPPING = YES;
				DEVELOPMENT_TEAM = L4XDJUG5Z2;
				ENABLE_HARDENED_RUNTIME = YES;
				GENERATE_INFOPLIST_FILE = YES;
				INFOPLIST_FILE = Gradify/Info.plist;
				INFOPLIST_KEY_CFBundleDisplayName = "Gradify for developers";
				INFOPLIST_KEY_LSApplicationCategoryType = "public.app-category.education";
				INFOPLIST_KEY_NSHumanReadableCopyright = "";
				INFOPLIST_KEY_NSPrincipalClass = NSApplication;
				LD_RUNPATH_SEARCH_PATHS = (
					"$(inherited)",
					"@executable_path/../Frameworks",
				);
				MARKETING_VERSION = realese;
				PRODUCT_BUNDLE_IDENTIFIER = AndriiIzbash.Gradify;
				PRODUCT_NAME = "$(TARGET_NAME)";
				PROVISIONING_PROFILE_SPECIFIER = "";
				SWIFT_EMIT_LOC_STRINGS = YES;
				SWIFT_VERSION = 5.0;
			};
			name = Release;
		};
/* End XCBuildConfiguration section */

/* Begin XCConfigurationList section */
		B5B55E9C2B30C442002E0F4D /* Build configuration list for PBXProject "Gradify" */ = {
			isa = XCConfigurationList;
			buildConfigurations = (
				B5B55EAE2B30C444002E0F4D /* Debug */,
				B5B55EAF2B30C444002E0F4D /* Release */,
			);
			defaultConfigurationIsVisible = 0;
			defaultConfigurationName = Release;
		};
		B5B55EB02B30C444002E0F4D /* Build configuration list for PBXNativeTarget "Gradify" */ = {
			isa = XCConfigurationList;
			buildConfigurations = (
				B5B55EB12B30C444002E0F4D /* Debug */,
				B5B55EB22B30C444002E0F4D /* Release */,
			);
			defaultConfigurationIsVisible = 0;
			defaultConfigurationName = Release;
		};
/* End XCConfigurationList section */

/* Begin XCRemoteSwiftPackageReference section */
		B5B55EB62B30CA9C002E0F4D /* XCRemoteSwiftPackageReference "firebase-ios-sdk" */ = {
			isa = XCRemoteSwiftPackageReference;
			repositoryURL = "https://github.com/firebase/firebase-ios-sdk";
			requirement = {
				kind = upToNextMajorVersion;
				minimumVersion = 10.19.1;
			};
		};
/* End XCRemoteSwiftPackageReference section */

/* Begin XCSwiftPackageProductDependency section */
		B5B55EC22B30CAB4002E0F4D /* FirebaseAuth */ = {
			isa = XCSwiftPackageProductDependency;
			package = B5B55EB62B30CA9C002E0F4D /* XCRemoteSwiftPackageReference "firebase-ios-sdk" */;
			productName = FirebaseAuth;
		};
		B5B55EC52B30CB19002E0F4D /* FirebaseDatabase */ = {
			isa = XCSwiftPackageProductDependency;
			package = B5B55EB62B30CA9C002E0F4D /* XCRemoteSwiftPackageReference "firebase-ios-sdk" */;
			productName = FirebaseDatabase;
		};
		B5B55EC72B30CB21002E0F4D /* FirebaseFirestore */ = {
			isa = XCSwiftPackageProductDependency;
			package = B5B55EB62B30CA9C002E0F4D /* XCRemoteSwiftPackageReference "firebase-ios-sdk" */;
			productName = FirebaseFirestore;
		};
		B5B55EC92B30CB2E002E0F4D /* FirebaseStorage */ = {
			isa = XCSwiftPackageProductDependency;
			package = B5B55EB62B30CA9C002E0F4D /* XCRemoteSwiftPackageReference "firebase-ios-sdk" */;
			productName = FirebaseStorage;
		};
/* End XCSwiftPackageProductDependency section */
	};
	rootObject = B5B55E992B30C442002E0F4D /* Project object */;
}
